
Microsoft Visual Studio Solution File, Format Version 12.00
# Visual Studio Version 16
VisualStudioVersion = 16.0.31205.134
MinimumVisualStudioVersion = 10.0.40219.1
Project("{FAE04EC0-301F-11D3-BF4B-00C04F79EFBC}") = "IdentityManager", "IdentityManager\IdentityManager.csproj", "{5739C92C-8E41-4CDD-8E45-182EB160EADD}"
EndProject
Global
	GlobalSection(SolutionConfigurationPlatforms) = preSolution
		Debug|Any CPU = Debug|Any CPU
		Release|Any CPU = Release|Any CPU
	EndGlobalSection
	GlobalSection(ProjectConfigurationPlatforms) = postSolution
		{5739C92C-8E41-4CDD-8E45-182EB160EADD}.Debug|Any CPU.ActiveCfg = Debug|Any CPU
		{5739C92C-8E41-4CDD-8E45-182EB160EADD}.Debug|Any CPU.Build.0 = Debug|Any CPU
		{5739C92C-8E41-4CDD-8E45-182EB160EADD}.Release|Any CPU.ActiveCfg = Release|Any CPU
		{5739C92C-8E41-4CDD-8E45-182EB160EADD}.Release|Any CPU.Build.0 = Release|Any CPU
	EndGlobalSection
	GlobalSection(SolutionProperties) = preSolution
		HideSolutionNode = FALSE
	EndGlobalSection
	GlobalSection(ExtensibilityGlobals) = postSolution
		SolutionGuid = {6ADE1944-82D2-4A3C-9F87-DF5ED94D9721}
	EndGlobalSection
EndGlobal
